
Microsoft Visual Studio Solution File, Format Version 12.00
# Visual Studio 14
VisualStudioVersion = 14.0.23107.0
MinimumVisualStudioVersion = 10.0.40219.1
Project("{FAE04EC0-301F-11D3-BF4B-00C04F79EFBC}") = "SimpleChatClientWPF", "SimpleChatClientWPF\SimpleChatClientWPF.csproj", "{041B5290-03C3-4AC2-9CB6-C208D7C6CECE}"
	ProjectSection(ProjectDependencies) = postProject
		{45DD26BC-67B3-4F58-8BDD-99920B68F862} = {45DD26BC-67B3-4F58-8BDD-99920B68F862}
	EndProjectSection
EndProject
Project("{FAE04EC0-301F-11D3-BF4B-00C04F79EFBC}") = "SwaggerLibrary", "SwaggerClient\SwaggerLibrary.csproj", "{45DD26BC-67B3-4F58-8BDD-99920B68F862}"
EndProject
Global
	GlobalSection(SolutionConfigurationPlatforms) = preSolution
		Debug|Any CPU = Debug|Any CPU
		Release|Any CPU = Release|Any CPU
	EndGlobalSection
	GlobalSection(ProjectConfigurationPlatforms) = postSolution
		{041B5290-03C3-4AC2-9CB6-C208D7C6CECE}.Debug|Any CPU.ActiveCfg = Debug|Any CPU
		{041B5290-03C3-4AC2-9CB6-C208D7C6CECE}.Debug|Any CPU.Build.0 = Debug|Any CPU
		{041B5290-03C3-4AC2-9CB6-C208D7C6CECE}.Release|Any CPU.ActiveCfg = Release|Any CPU
		{041B5290-03C3-4AC2-9CB6-C208D7C6CECE}.Release|Any CPU.Build.0 = Release|Any CPU
		{45DD26BC-67B3-4F58-8BDD-99920B68F862}.Debug|Any CPU.ActiveCfg = Debug|Any CPU
		{45DD26BC-67B3-4F58-8BDD-99920B68F862}.Debug|Any CPU.Build.0 = Debug|Any CPU
		{45DD26BC-67B3-4F58-8BDD-99920B68F862}.Release|Any CPU.ActiveCfg = Release|Any CPU
		{45DD26BC-67B3-4F58-8BDD-99920B68F862}.Release|Any CPU.Build.0 = Release|Any CPU
	EndGlobalSection
	GlobalSection(SolutionProperties) = preSolution
		HideSolutionNode = FALSE
	EndGlobalSection
EndGlobal
